{
  "name": "astn-marshall-lib",
  "version": "0.18.0",
  "lockfileVersion": 2,
  "requires": true,
  "packages": {
    "": {
      "name": "astn-marshall-lib",
      "version": "0.18.0",
      "license": "ISC",
      "dependencies": {
        "api-astn-tokenconsumer": "^0.4.0",
        "api-astn-typedhandlers": "^0.2.0",
        "pareto-core-lib": "^0.13.0"
      }
    },
    "node_modules/api-astn-handlers": {
      "version": "0.2.0",
      "resolved": "https://registry.npmjs.org/api-astn-handlers/-/api-astn-handlers-0.2.0.tgz",
      "integrity": "sha512-YkoptAI6688dJDuPVg0Dc63G07zF++qSz3CotgMDl1w0To5ByDEvMQRCY3NGHjBeK/625AbB5RTfM4d3ENPlGg==",
      "dependencies": {
        "pareto-core-types": "^0.6.0"
      }
    },
    "node_modules/api-astn-tokenconsumer": {
      "version": "0.4.0",
      "resolved": "https://registry.npmjs.org/api-astn-tokenconsumer/-/api-astn-tokenconsumer-0.4.0.tgz",
      "integrity": "sha512-GD+8Or70ycS1E76It6eU3ZhMpJESBnrDmG2xs3IwbVAQhaVwq8BR2/mR+vk0l/aRshxydu89vk2LYYBNviJvag==",
      "dependencies": {
        "pareto-core-types": "^0.6.0"
      }
    },
    "node_modules/api-astn-typedhandlers": {
      "version": "0.2.0",
      "resolved": "https://registry.npmjs.org/api-astn-typedhandlers/-/api-astn-typedhandlers-0.2.0.tgz",
      "integrity": "sha512-KXLupiUqmH6oFd+HgFnQ71pveTD68uqlokb4UYjPlYWnp9GqOXmSKlbJxys6xw+GsJ9pV0NXcpNb8KwJA+DDGg==",
      "dependencies": {
        "api-astn-handlers": "^0.2.0",
        "pareto-core-types": "^0.6.0"
      }
    },
    "node_modules/pareto-core-internals": {
      "version": "0.7.0",
      "resolved": "https://registry.npmjs.org/pareto-core-internals/-/pareto-core-internals-0.7.0.tgz",
      "integrity": "sha512-1Mh7f9yFLSsFZKb3Rs/E9qGucUF2n1FcWPRfcRi47qI+FwhDfka0JbadlJaNnoVGOsY1bPMGxesTwReszBf9pw==",
      "dependencies": {
        "pareto-core-types": "^0.6.0"
      }
    },
    "node_modules/pareto-core-lib": {
      "version": "0.13.0",
      "resolved": "https://registry.npmjs.org/pareto-core-lib/-/pareto-core-lib-0.13.0.tgz",
      "integrity": "sha512-abwCBRCqX9zs/0ENJC0WJOWeRqT0MTe4zfj21xJZidMjcXT0ga/V6XYLF4m8OQgqqQfzPchI5rkyBJgzXQTxrg==",
      "dependencies": {
        "pareto-core-internals": "^0.7.0"
      }
    },
    "node_modules/pareto-core-types": {
      "version": "0.6.0",
      "resolved": "https://registry.npmjs.org/pareto-core-types/-/pareto-core-types-0.6.0.tgz",
      "integrity": "sha512-q9M6w+M6kgJBaroffQto9oRqsBKDpYI+JbJgO+7wVUx5QPew9kEsdevkNfjPPPWhq0grRg9Nj3t2gQy6wXyL2g=="
    }
  },
  "dependencies": {
    "api-astn-handlers": {
      "version": "0.2.0",
      "resolved": "https://registry.npmjs.org/api-astn-handlers/-/api-astn-handlers-0.2.0.tgz",
      "integrity": "sha512-YkoptAI6688dJDuPVg0Dc63G07zF++qSz3CotgMDl1w0To5ByDEvMQRCY3NGHjBeK/625AbB5RTfM4d3ENPlGg==",
      "requires": {
        "pareto-core-types": "^0.6.0"
      }
    },
    "api-astn-tokenconsumer": {
      "version": "0.4.0",
      "resolved": "https://registry.npmjs.org/api-astn-tokenconsumer/-/api-astn-tokenconsumer-0.4.0.tgz",
      "integrity": "sha512-GD+8Or70ycS1E76It6eU3ZhMpJESBnrDmG2xs3IwbVAQhaVwq8BR2/mR+vk0l/aRshxydu89vk2LYYBNviJvag==",
      "requires": {
        "pareto-core-types": "^0.6.0"
      }
    },
    "api-astn-typedhandlers": {
      "version": "0.2.0",
      "resolved": "https://registry.npmjs.org/api-astn-typedhandlers/-/api-astn-typedhandlers-0.2.0.tgz",
      "integrity": "sha512-KXLupiUqmH6oFd+HgFnQ71pveTD68uqlokb4UYjPlYWnp9GqOXmSKlbJxys6xw+GsJ9pV0NXcpNb8KwJA+DDGg==",
      "requires": {
        "api-astn-handlers": "^0.2.0",
        "pareto-core-types": "^0.6.0"
      }
    },
    "pareto-core-internals": {
      "version": "0.7.0",
      "resolved": "https://registry.npmjs.org/pareto-core-internals/-/pareto-core-internals-0.7.0.tgz",
      "integrity": "sha512-1Mh7f9yFLSsFZKb3Rs/E9qGucUF2n1FcWPRfcRi47qI+FwhDfka0JbadlJaNnoVGOsY1bPMGxesTwReszBf9pw==",
      "requires": {
        "pareto-core-types": "^0.6.0"
      }
    },
    "pareto-core-lib": {
      "version": "0.13.0",
      "resolved": "https://registry.npmjs.org/pareto-core-lib/-/pareto-core-lib-0.13.0.tgz",
      "integrity": "sha512-abwCBRCqX9zs/0ENJC0WJOWeRqT0MTe4zfj21xJZidMjcXT0ga/V6XYLF4m8OQgqqQfzPchI5rkyBJgzXQTxrg==",
      "requires": {
        "pareto-core-internals": "^0.7.0"
      }
    },
    "pareto-core-types": {
      "version": "0.6.0",
      "resolved": "https://registry.npmjs.org/pareto-core-types/-/pareto-core-types-0.6.0.tgz",
      "integrity": "sha512-q9M6w+M6kgJBaroffQto9oRqsBKDpYI+JbJgO+7wVUx5QPew9kEsdevkNfjPPPWhq0grRg9Nj3t2gQy6wXyL2g=="
    }
  }
}
