{
  "name": "astn-marshall-lib",
  "version": "0.18.0",
  "lockfileVersion": 2,
  "requires": true,
  "packages": {
    "": {
      "name": "astn-marshall-lib",
      "version": "0.18.0",
      "license": "ISC",
      "dependencies": {
        "astn-parser-lib": "^0.23.0",
        "astn-tokenconsumer-api": "^0.8.0",
        "astn-typedhandlers-api": "^0.21.0",
        "pareto-core-lib": "^0.4.0"
      }
    },
    "node_modules/astn-handlers-api": {
      "version": "0.16.0",
      "resolved": "https://registry.npmjs.org/astn-handlers-api/-/astn-handlers-api-0.16.0.tgz",
      "integrity": "sha512-CYsdVhnlGe9rFVtVW6aco2PDocc8GiFaEUiDYQTFrF19+QCdAnGrytwFbVBlPi2d/NT4hV5+IzXPCVfn/stDuw==",
      "dependencies": {
        "pareto-typesystem-core": "^0.4.0"
      }
    },
    "node_modules/astn-parser-api": {
      "version": "0.26.0",
      "resolved": "https://registry.npmjs.org/astn-parser-api/-/astn-parser-api-0.26.0.tgz",
      "integrity": "sha512-zxRvc4wuTmjf8n1CBQ0+aA702A/PqeYFPeteUiqylaiHSLxBuwd207Vdp/Y4UJ8IiaTbnISpmfNHUjNoyCcWYQ==",
      "dependencies": {
        "astn-handlers-api": "^0.13.0",
        "astn-tokenconsumer-api": "^0.5.0"
      }
    },
    "node_modules/astn-parser-api/node_modules/astn-handlers-api": {
      "version": "0.13.0",
      "resolved": "https://registry.npmjs.org/astn-handlers-api/-/astn-handlers-api-0.13.0.tgz",
      "integrity": "sha512-H7//L+H+g5Vzxm+m0b7xG5WYcmuXogDDD+OohnGoS99fHpEk4UF2kwlLKy1lsJxRV+oC8PdzkM7n4Av4h6A8rg=="
    },
    "node_modules/astn-parser-api/node_modules/astn-tokenconsumer-api": {
      "version": "0.5.0",
      "resolved": "https://registry.npmjs.org/astn-tokenconsumer-api/-/astn-tokenconsumer-api-0.5.0.tgz",
      "integrity": "sha512-NKbB0qt/4cLKpxBbiqnKc2akbsf97oqsjUf2l+osMSyLtzQHUgweg2+UhFBWhPj1hGBoCZXZuYLIdz3N/YFBAQ=="
    },
    "node_modules/astn-parser-lib": {
      "version": "0.23.0",
      "resolved": "https://registry.npmjs.org/astn-parser-lib/-/astn-parser-lib-0.23.0.tgz",
      "integrity": "sha512-QwEfGzoFB28TaF9nZzwqY2Ivc3d+ouBR9MG1TG0CdnNVv7I2o3sGa5vBcN0M9Dabn9WyFf06NMra0I6s0K2ZtQ==",
      "dependencies": {
        "astn-parser-api": "^0.26.0",
        "pareto-core-lib": "^0.6.0"
      }
    },
    "node_modules/astn-parser-lib/node_modules/pareto-core-lib": {
      "version": "0.6.0",
      "resolved": "https://registry.npmjs.org/pareto-core-lib/-/pareto-core-lib-0.6.0.tgz",
      "integrity": "sha512-Y365jVSamLVtucErTZnEVLBMAP7m0nBl4+IQ668dXIQHq36tC1na7j1fMRRu2aU5I5ld3U1tV1B46iHudW5+iA==",
      "dependencies": {
        "pareto-api-core": "^0.3.0"
      }
    },
    "node_modules/astn-tokenconsumer-api": {
      "version": "0.8.0",
      "resolved": "https://registry.npmjs.org/astn-tokenconsumer-api/-/astn-tokenconsumer-api-0.8.0.tgz",
      "integrity": "sha512-K52ochIFuq9uYjprXb7a3PZ5xarLrbRVd7gYEvv8r1SXYXS2+KKOOyFBxgbhbeOZoGoQHkJC+QBR8wfYteSEEQ==",
      "dependencies": {
        "pareto-typesystem-core": "^0.4.0"
      }
    },
    "node_modules/astn-typedhandlers-api": {
      "version": "0.21.0",
      "resolved": "https://registry.npmjs.org/astn-typedhandlers-api/-/astn-typedhandlers-api-0.21.0.tgz",
      "integrity": "sha512-66bPhnD4kdDBqBs3kEwGXeBrd8PzYgJjQS9BEpZ5jH+nd+MuRJF4OrVWq+/ZiGeEab41NUb3WcExtvbtIIY3fQ==",
      "dependencies": {
        "astn-handlers-api": "^0.16.0",
        "pareto-typesystem-core": "^0.4.0"
      }
    },
    "node_modules/pareto-api-core": {
      "version": "0.3.0",
      "resolved": "https://registry.npmjs.org/pareto-api-core/-/pareto-api-core-0.3.0.tgz",
      "integrity": "sha512-3Ohd8JOwqzGk4eC3BpZR21dLp6hr1I/6AoUf23huzEDbWYmZfN1c9w3S78tm9DGQZ8/sOJl5nEGCaOudOWhohg==",
      "deprecated": "Package no longer supported. Contact Support at https://www.npmjs.com/support for more info."
    },
    "node_modules/pareto-core-lib": {
      "version": "0.13.0",
      "resolved": "https://registry.npmjs.org/pareto-core-lib/-/pareto-core-lib-0.13.0.tgz",
      "integrity": "sha512-fVEIhq2G7ZJ9VDowMaftS8MhyGCShQkk8h0JFFWLsEm3usM//gffdeOfxKBdoPa8gdKskVozv3wbWf6jFTnEUQ==",
      "dependencies": {
        "pareto-typesystem-core": "^0.6.0"
      }
    },
    "node_modules/pareto-core-lib/node_modules/pareto-typesystem-core": {
      "version": "0.6.0",
      "resolved": "https://registry.npmjs.org/pareto-typesystem-core/-/pareto-typesystem-core-0.6.0.tgz",
      "integrity": "sha512-CJwKu7lYvLBEzNuvbp5Vk8eND0Jsmlburk04/PsknFAx9QiN9EpYhRAQ1oJY4OAh6hZv6WY/kLAAAZu6w2LuxQ=="
    },
    "node_modules/pareto-typesystem-core": {
      "version": "0.4.0",
      "resolved": "https://registry.npmjs.org/pareto-typesystem-core/-/pareto-typesystem-core-0.4.0.tgz",
      "integrity": "sha512-5fk2LTxNyo3TCz/+c9MTcbiWzJLBPL6uHuYXloOKdMtsGQ/djf4josk6NtfdTNpcJSGDapYGbiRm8uxfWp6e0w=="
    }
  },
  "dependencies": {
    "astn-handlers-api": {
      "version": "0.16.0",
      "resolved": "https://registry.npmjs.org/astn-handlers-api/-/astn-handlers-api-0.16.0.tgz",
      "integrity": "sha512-CYsdVhnlGe9rFVtVW6aco2PDocc8GiFaEUiDYQTFrF19+QCdAnGrytwFbVBlPi2d/NT4hV5+IzXPCVfn/stDuw==",
      "requires": {
        "pareto-typesystem-core": "^0.4.0"
      }
    },
    "astn-parser-api": {
      "version": "0.26.0",
      "resolved": "https://registry.npmjs.org/astn-parser-api/-/astn-parser-api-0.26.0.tgz",
      "integrity": "sha512-zxRvc4wuTmjf8n1CBQ0+aA702A/PqeYFPeteUiqylaiHSLxBuwd207Vdp/Y4UJ8IiaTbnISpmfNHUjNoyCcWYQ==",
      "requires": {
        "astn-handlers-api": "^0.13.0",
        "astn-tokenconsumer-api": "^0.5.0"
      },
      "dependencies": {
        "astn-handlers-api": {
          "version": "0.13.0",
          "resolved": "https://registry.npmjs.org/astn-handlers-api/-/astn-handlers-api-0.13.0.tgz",
          "integrity": "sha512-H7//L+H+g5Vzxm+m0b7xG5WYcmuXogDDD+OohnGoS99fHpEk4UF2kwlLKy1lsJxRV+oC8PdzkM7n4Av4h6A8rg=="
        },
        "astn-tokenconsumer-api": {
          "version": "0.5.0",
          "resolved": "https://registry.npmjs.org/astn-tokenconsumer-api/-/astn-tokenconsumer-api-0.5.0.tgz",
          "integrity": "sha512-NKbB0qt/4cLKpxBbiqnKc2akbsf97oqsjUf2l+osMSyLtzQHUgweg2+UhFBWhPj1hGBoCZXZuYLIdz3N/YFBAQ=="
        }
      }
    },
    "astn-parser-lib": {
      "version": "0.23.0",
      "resolved": "https://registry.npmjs.org/astn-parser-lib/-/astn-parser-lib-0.23.0.tgz",
      "integrity": "sha512-QwEfGzoFB28TaF9nZzwqY2Ivc3d+ouBR9MG1TG0CdnNVv7I2o3sGa5vBcN0M9Dabn9WyFf06NMra0I6s0K2ZtQ==",
      "requires": {
        "astn-parser-api": "^0.26.0",
        "pareto-core-lib": "^0.6.0"
      },
      "dependencies": {
        "pareto-core-lib": {
          "version": "0.6.0",
          "resolved": "https://registry.npmjs.org/pareto-core-lib/-/pareto-core-lib-0.6.0.tgz",
          "integrity": "sha512-Y365jVSamLVtucErTZnEVLBMAP7m0nBl4+IQ668dXIQHq36tC1na7j1fMRRu2aU5I5ld3U1tV1B46iHudW5+iA==",
          "requires": {
            "pareto-api-core": "^0.3.0"
          }
        }
      }
    },
    "astn-tokenconsumer-api": {
      "version": "0.8.0",
      "resolved": "https://registry.npmjs.org/astn-tokenconsumer-api/-/astn-tokenconsumer-api-0.8.0.tgz",
      "integrity": "sha512-K52ochIFuq9uYjprXb7a3PZ5xarLrbRVd7gYEvv8r1SXYXS2+KKOOyFBxgbhbeOZoGoQHkJC+QBR8wfYteSEEQ==",
      "requires": {
        "pareto-typesystem-core": "^0.4.0"
      }
    },
    "astn-typedhandlers-api": {
      "version": "0.21.0",
      "resolved": "https://registry.npmjs.org/astn-typedhandlers-api/-/astn-typedhandlers-api-0.21.0.tgz",
      "integrity": "sha512-66bPhnD4kdDBqBs3kEwGXeBrd8PzYgJjQS9BEpZ5jH+nd+MuRJF4OrVWq+/ZiGeEab41NUb3WcExtvbtIIY3fQ==",
      "requires": {
        "astn-handlers-api": "^0.16.0",
        "pareto-typesystem-core": "^0.4.0"
      }
    },
    "pareto-api-core": {
      "version": "0.3.0",
      "resolved": "https://registry.npmjs.org/pareto-api-core/-/pareto-api-core-0.3.0.tgz",
      "integrity": "sha512-3Ohd8JOwqzGk4eC3BpZR21dLp6hr1I/6AoUf23huzEDbWYmZfN1c9w3S78tm9DGQZ8/sOJl5nEGCaOudOWhohg=="
    },
    "pareto-core-lib": {
      "version": "0.13.0",
      "resolved": "https://registry.npmjs.org/pareto-core-lib/-/pareto-core-lib-0.13.0.tgz",
      "integrity": "sha512-fVEIhq2G7ZJ9VDowMaftS8MhyGCShQkk8h0JFFWLsEm3usM//gffdeOfxKBdoPa8gdKskVozv3wbWf6jFTnEUQ==",
      "requires": {
        "pareto-typesystem-core": "^0.6.0"
      },
      "dependencies": {
        "pareto-typesystem-core": {
          "version": "0.6.0",
          "resolved": "https://registry.npmjs.org/pareto-typesystem-core/-/pareto-typesystem-core-0.6.0.tgz",
          "integrity": "sha512-CJwKu7lYvLBEzNuvbp5Vk8eND0Jsmlburk04/PsknFAx9QiN9EpYhRAQ1oJY4OAh6hZv6WY/kLAAAZu6w2LuxQ=="
        }
      }
    },
    "pareto-typesystem-core": {
      "version": "0.4.0",
      "resolved": "https://registry.npmjs.org/pareto-typesystem-core/-/pareto-typesystem-core-0.4.0.tgz",
      "integrity": "sha512-5fk2LTxNyo3TCz/+c9MTcbiWzJLBPL6uHuYXloOKdMtsGQ/djf4josk6NtfdTNpcJSGDapYGbiRm8uxfWp6e0w=="
    }
  }
}
